
Microsoft Visual Studio Solution File, Format Version 12.00
# Visual Studio Version 17
VisualStudioVersion = 17.4.33205.214
MinimumVisualStudioVersion = 10.0.40219.1
Project("{FAE04EC0-301F-11D3-BF4B-00C04F79EFBC}") = "shoutcutCRUD_App", "shoutcutCRUD_App\shoutcutCRUD_App.csproj", "{699D98F4-0240-47EC-9A88-1335F9639A8B}"
EndProject
Global
	GlobalSection(SolutionConfigurationPlatforms) = preSolution
		Debug|Any CPU = Debug|Any CPU
		Release|Any CPU = Release|Any CPU
	EndGlobalSection
	GlobalSection(ProjectConfigurationPlatforms) = postSolution
		{699D98F4-0240-47EC-9A88-1335F9639A8B}.Debug|Any CPU.ActiveCfg = Debug|Any CPU
		{699D98F4-0240-47EC-9A88-1335F9639A8B}.Debug|Any CPU.Build.0 = Debug|Any CPU
		{699D98F4-0240-47EC-9A88-1335F9639A8B}.Release|Any CPU.ActiveCfg = Release|Any CPU
		{699D98F4-0240-47EC-9A88-1335F9639A8B}.Release|Any CPU.Build.0 = Release|Any CPU
	EndGlobalSection
	GlobalSection(SolutionProperties) = preSolution
		HideSolutionNode = FALSE
	EndGlobalSection
	GlobalSection(ExtensibilityGlobals) = postSolution
		SolutionGuid = {06323B7F-8B99-49AD-8329-308D5DBB6C73}
	EndGlobalSection
EndGlobal
